
Microsoft Visual Studio Solution File, Format Version 12.00
# Visual Studio 15
VisualStudioVersion = 15.0.26403.3
MinimumVisualStudioVersion = 10.0.40219.1
Project("{FAE04EC0-301F-11D3-BF4B-00C04F79EFBC}") = "WorkFlowEngine", "WorkFlowEngine\WorkFlowEngine.csproj", "{0E87D123-0215-4072-983E-50DA37AD1043}"
EndProject
Project("{FAE04EC0-301F-11D3-BF4B-00C04F79EFBC}") = "WorkFlowWebService", "WorkFlowWebService\WorkFlowWebService.csproj", "{FC3F8DFC-D3A4-403C-9FFB-CE395553FA4E}"
EndProject
Project("{FAE04EC0-301F-11D3-BF4B-00C04F79EFBC}") = "WorkFlowPresentation", "WorkFlowPresentation\WorkFlowPresentation.csproj", "{E0E8CA4C-C05A-4E05-B557-C4B5E98E02D9}"
	ProjectSection(ProjectDependencies) = postProject
		{FC3F8DFC-D3A4-403C-9FFB-CE395553FA4E} = {FC3F8DFC-D3A4-403C-9FFB-CE395553FA4E}
	EndProjectSection
EndProject
Project("{2150E333-8FDC-42A3-9474-1A3956D46DE8}") = "Documents", "Documents", "{A1677789-E9F4-4A88-B275-5A53729A703F}"
	ProjectSection(SolutionItems) = preProject
		Documents\tek_wf.bak = Documents\tek_wf.bak
	EndProjectSection
EndProject
Global
	GlobalSection(SolutionConfigurationPlatforms) = preSolution
		Debug|Any CPU = Debug|Any CPU
		Release|Any CPU = Release|Any CPU
	EndGlobalSection
	GlobalSection(ProjectConfigurationPlatforms) = postSolution
		{0E87D123-0215-4072-983E-50DA37AD1043}.Debug|Any CPU.ActiveCfg = Debug|Any CPU
		{0E87D123-0215-4072-983E-50DA37AD1043}.Debug|Any CPU.Build.0 = Debug|Any CPU
		{0E87D123-0215-4072-983E-50DA37AD1043}.Release|Any CPU.ActiveCfg = Release|Any CPU
		{0E87D123-0215-4072-983E-50DA37AD1043}.Release|Any CPU.Build.0 = Release|Any CPU
		{FC3F8DFC-D3A4-403C-9FFB-CE395553FA4E}.Debug|Any CPU.ActiveCfg = Debug|Any CPU
		{FC3F8DFC-D3A4-403C-9FFB-CE395553FA4E}.Debug|Any CPU.Build.0 = Debug|Any CPU
		{FC3F8DFC-D3A4-403C-9FFB-CE395553FA4E}.Release|Any CPU.ActiveCfg = Release|Any CPU
		{FC3F8DFC-D3A4-403C-9FFB-CE395553FA4E}.Release|Any CPU.Build.0 = Release|Any CPU
		{E0E8CA4C-C05A-4E05-B557-C4B5E98E02D9}.Debug|Any CPU.ActiveCfg = Debug|Any CPU
		{E0E8CA4C-C05A-4E05-B557-C4B5E98E02D9}.Debug|Any CPU.Build.0 = Debug|Any CPU
		{E0E8CA4C-C05A-4E05-B557-C4B5E98E02D9}.Release|Any CPU.ActiveCfg = Release|Any CPU
		{E0E8CA4C-C05A-4E05-B557-C4B5E98E02D9}.Release|Any CPU.Build.0 = Release|Any CPU
	EndGlobalSection
	GlobalSection(SolutionProperties) = preSolution
		HideSolutionNode = FALSE
	EndGlobalSection
EndGlobal
